
Microsoft Visual Studio Solution File, Format Version 12.00
# Visual Studio 15
Project("{FAE04EC0-301F-11D3-BF4B-00C04F79EFBC}") = "ConstructingObjects", "ConstructingObjects.csproj", "{8A1F802B-8234-45FC-925A-58A4AA9CEB33}"
EndProject
Global
	GlobalSection(SolutionConfigurationPlatforms) = preSolution
		Debug|Any CPU = Debug|Any CPU
		Release|Any CPU = Release|Any CPU
	EndGlobalSection
	GlobalSection(ProjectConfigurationPlatforms) = postSolution
		{8A1F802B-8234-45FC-925A-58A4AA9CEB33}.Debug|Any CPU.ActiveCfg = Debug|Any CPU
		{8A1F802B-8234-45FC-925A-58A4AA9CEB33}.Debug|Any CPU.Build.0 = Debug|Any CPU
		{8A1F802B-8234-45FC-925A-58A4AA9CEB33}.Release|Any CPU.ActiveCfg = Release|Any CPU
		{8A1F802B-8234-45FC-925A-58A4AA9CEB33}.Release|Any CPU.Build.0 = Release|Any CPU
	EndGlobalSection
EndGlobal
